<?xml version="1.0" encoding="UTF-8"?>
<!DOCTYPE plist PUBLIC "-//Apple//DTD PLIST 1.0//EN" "http://www.apple.com/DTDs/PropertyList-1.0.dtd">
<plist version="1.0">
<dict>
	<key>archiveVersion</key>
	<string>1</string>
	<key>classes</key>
	<dict/>
	<key>objectVersion</key>
	<string>46</string>
	<key>objects</key>
	<dict>
		<key>017A6B0B1886CD570062D1E3</key>
		<dict>
			<key>children</key>
			<array>
				<string>017A6B201886CD570062D1E3</string>
				<string>017A6B441886CD580062D1E3</string>
				<string>017A6B191886CD570062D1E3</string>
				<string>017A6B171886CD570062D1E3</string>
			</array>
			<key>isa</key>
			<string>PBXGroup</string>
			<key>sourceTree</key>
			<string>&lt;group&gt;</string>
		</dict>
		<key>017A6B0D1886CD570062D1E3</key>
		<dict>
			<key>attributes</key>
			<dict>
				<key>CLASSPREFIX</key>
				<string>Quiz</string>
				<key>LastUpgradeCheck</key>
				<string>0450</string>
				<key>ORGANIZATIONNAME</key>
				<string>Lesko, Dereck</string>
			</dict>
			<key>buildConfigurationList</key>
			<string>017A6B101886CD570062D1E3</string>
			<key>compatibilityVersion</key>
			<string>Xcode 3.2</string>
			<key>developmentRegion</key>
			<string>English</string>
			<key>hasScannedForEncodings</key>
			<string>0</string>
			<key>isa</key>
			<string>PBXProject</string>
			<key>knownRegions</key>
			<array>
				<string>en</string>
			</array>
			<key>mainGroup</key>
			<string>017A6B0B1886CD570062D1E3</string>
			<key>productRefGroup</key>
			<string>017A6B171886CD570062D1E3</string>
			<key>projectDirPath</key>
			<string></string>
			<key>projectReferences</key>
			<array/>
			<key>projectRoot</key>
			<string></string>
			<key>targets</key>
			<array>
				<string>017A6B151886CD570062D1E3</string>
				<string>017A6B3C1886CD580062D1E3</string>
			</array>
		</dict>
		<key>017A6B101886CD570062D1E3</key>
		<dict>
			<key>buildConfigurations</key>
			<array>
				<string>017A6B4D1886CD580062D1E3</string>
				<string>017A6B4E1886CD580062D1E3</string>
			</array>
			<key>defaultConfigurationIsVisible</key>
			<string>0</string>
			<key>defaultConfigurationName</key>
			<string>Release</string>
			<key>isa</key>
			<string>XCConfigurationList</string>
		</dict>
		<key>017A6B121886CD570062D1E3</key>
		<dict>
			<key>buildActionMask</key>
			<string>2147483647</string>
			<key>files</key>
			<array>
				<string>017A6B271886CD570062D1E3</string>
				<string>017A6B2B1886CD570062D1E3</string>
				<string>017A6B341886CD570062D1E3</string>
			</array>
			<key>isa</key>
			<string>PBXSourcesBuildPhase</string>
			<key>runOnlyForDeploymentPostprocessing</key>
			<string>0</string>
		</dict>
		<key>017A6B131886CD570062D1E3</key>
		<dict>
			<key>buildActionMask</key>
			<string>2147483647</string>
			<key>files</key>
			<array>
				<string>017A6B1B1886CD570062D1E3</string>
				<string>017A6B1D1886CD570062D1E3</string>
				<string>017A6B1F1886CD570062D1E3</string>
			</array>
			<key>isa</key>
			<string>PBXFrameworksBuildPhase</string>
			<key>runOnlyForDeploymentPostprocessing</key>
			<string>0</string>
		</dict>
		<key>017A6B141886CD570062D1E3</key>
		<dict>
			<key>buildActionMask</key>
			<string>2147483647</string>
			<key>files</key>
			<array>
				<string>017A6B251886CD570062D1E3</string>
				<string>017A6B2D1886CD570062D1E3</string>
				<string>017A6B2F1886CD570062D1E3</string>
				<string>017A6B311886CD570062D1E3</string>
				<string>017A6B371886CD570062D1E3</string>
			</array>
			<key>isa</key>
			<string>PBXResourcesBuildPhase</string>
			<key>runOnlyForDeploymentPostprocessing</key>
			<string>0</string>
		</dict>
		<key>017A6B151886CD570062D1E3</key>
		<dict>
			<key>buildConfigurationList</key>
			<string>017A6B4F1886CD580062D1E3</string>
			<key>buildPhases</key>
			<array>
				<string>017A6B121886CD570062D1E3</string>
				<string>017A6B131886CD570062D1E3</string>
				<string>017A6B141886CD570062D1E3</string>
			</array>
			<key>buildRules</key>
			<array/>
			<key>dependencies</key>
			<array/>
			<key>isa</key>
			<string>PBXNativeTarget</string>
			<key>name</key>
			<string>Quiz_ch1_w_unittests</string>
			<key>productName</key>
			<string>Quiz_ch1_w_unittests</string>
			<key>productReference</key>
			<string>017A6B161886CD570062D1E3</string>
			<key>productType</key>
			<string>com.apple.product-type.application</string>
		</dict>
		<key>017A6B161886CD570062D1E3</key>
		<dict>
			<key>explicitFileType</key>
			<string>wrapper.application</string>
			<key>includeInIndex</key>
			<string>0</string>
			<key>isa</key>
			<string>PBXFileReference</string>
			<key>path</key>
			<string>Quiz_ch1_w_unittests.app</string>
			<key>sourceTree</key>
			<string>BUILT_PRODUCTS_DIR</string>
		</dict>
		<key>017A6B171886CD570062D1E3</key>
		<dict>
			<key>children</key>
			<array>
				<string>017A6B161886CD570062D1E3</string>
				<string>017A6B3D1886CD580062D1E3</string>
			</array>
			<key>isa</key>
			<string>PBXGroup</string>
			<key>name</key>
			<string>Products</string>
			<key>sourceTree</key>
			<string>&lt;group&gt;</string>
		</dict>
		<key>017A6B191886CD570062D1E3</key>
		<dict>
			<key>children</key>
			<array>
				<string>017A6B1A1886CD570062D1E3</string>
				<string>017A6B1C1886CD570062D1E3</string>
				<string>017A6B1E1886CD570062D1E3</string>
				<string>017A6B3E1886CD580062D1E3</string>
			</array>
			<key>isa</key>
			<string>PBXGroup</string>
			<key>name</key>
			<string>Frameworks</string>
			<key>sourceTree</key>
			<string>&lt;group&gt;</string>
		</dict>
		<key>017A6B1A1886CD570062D1E3</key>
		<dict>
			<key>isa</key>
			<string>PBXFileReference</string>
			<key>lastKnownFileType</key>
			<string>wrapper.framework</string>
			<key>name</key>
			<string>UIKit.framework</string>
			<key>path</key>
			<string>System/Library/Frameworks/UIKit.framework</string>
			<key>sourceTree</key>
			<string>SDKROOT</string>
		</dict>
		<key>017A6B1B1886CD570062D1E3</key>
		<dict>
			<key>fileRef</key>
			<string>017A6B1A1886CD570062D1E3</string>
			<key>isa</key>
			<string>PBXBuildFile</string>
		</dict>
		<key>017A6B1C1886CD570062D1E3</key>
		<dict>
			<key>isa</key>
			<string>PBXFileReference</string>
			<key>lastKnownFileType</key>
			<string>wrapper.framework</string>
			<key>name</key>
			<string>Foundation.framework</string>
			<key>path</key>
			<string>System/Library/Frameworks/Foundation.framework</string>
			<key>sourceTree</key>
			<string>SDKROOT</string>
		</dict>
		<key>017A6B1D1886CD570062D1E3</key>
		<dict>
			<key>fileRef</key>
			<string>017A6B1C1886CD570062D1E3</string>
			<key>isa</key>
			<string>PBXBuildFile</string>
		</dict>
		<key>017A6B1E1886CD570062D1E3</key>
		<dict>
			<key>isa</key>
			<string>PBXFileReference</string>
			<key>lastKnownFileType</key>
			<string>wrapper.framework</string>
			<key>name</key>
			<string>CoreGraphics.framework</string>
			<key>path</key>
			<string>System/Library/Frameworks/CoreGraphics.framework</string>
			<key>sourceTree</key>
			<string>SDKROOT</string>
		</dict>
		<key>017A6B1F1886CD570062D1E3</key>
		<dict>
			<key>fileRef</key>
			<string>017A6B1E1886CD570062D1E3</string>
			<key>isa</key>
			<string>PBXBuildFile</string>
		</dict>
		<key>017A6B201886CD570062D1E3</key>
		<dict>
			<key>children</key>
			<array>
				<string>017A6B291886CD570062D1E3</string>
				<string>017A6B2A1886CD570062D1E3</string>
				<string>017A6B321886CD570062D1E3</string>
				<string>017A6B331886CD570062D1E3</string>
				<string>017A6B351886CD570062D1E3</string>
				<string>017A6B211886CD570062D1E3</string>
			</array>
			<key>isa</key>
			<string>PBXGroup</string>
			<key>path</key>
			<string>Quiz_ch1_w_unittests</string>
			<key>sourceTree</key>
			<string>&lt;group&gt;</string>
		</dict>
		<key>017A6B211886CD570062D1E3</key>
		<dict>
			<key>children</key>
			<array>
				<string>017A6B221886CD570062D1E3</string>
				<string>017A6B231886CD570062D1E3</string>
				<string>017A6B261886CD570062D1E3</string>
				<string>017A6B281886CD570062D1E3</string>
				<string>017A6B2C1886CD570062D1E3</string>
				<string>017A6B2E1886CD570062D1E3</string>
				<string>017A6B301886CD570062D1E3</string>
			</array>
			<key>isa</key>
			<string>PBXGroup</string>
			<key>name</key>
			<string>Supporting Files</string>
			<key>sourceTree</key>
			<string>&lt;group&gt;</string>
		</dict>
		<key>017A6B221886CD570062D1E3</key>
		<dict>
			<key>isa</key>
			<string>PBXFileReference</string>
			<key>lastKnownFileType</key>
			<string>text.plist.xml</string>
			<key>path</key>
			<string>Quiz_ch1_w_unittests-Info.plist</string>
			<key>sourceTree</key>
			<string>&lt;group&gt;</string>
		</dict>
		<key>017A6B231886CD570062D1E3</key>
		<dict>
			<key>children</key>
			<array>
				<string>017A6B241886CD570062D1E3</string>
			</array>
			<key>isa</key>
			<string>PBXVariantGroup</string>
			<key>name</key>
			<string>InfoPlist.strings</string>
			<key>sourceTree</key>
			<string>&lt;group&gt;</string>
		</dict>
		<key>017A6B241886CD570062D1E3</key>
		<dict>
			<key>isa</key>
			<string>PBXFileReference</string>
			<key>lastKnownFileType</key>
			<string>text.plist.strings</string>
			<key>name</key>
			<string>en</string>
			<key>path</key>
			<string>en.lproj/InfoPlist.strings</string>
			<key>sourceTree</key>
			<string>&lt;group&gt;</string>
		</dict>
		<key>017A6B251886CD570062D1E3</key>
		<dict>
			<key>fileRef</key>
			<string>017A6B231886CD570062D1E3</string>
			<key>isa</key>
			<string>PBXBuildFile</string>
		</dict>
		<key>017A6B261886CD570062D1E3</key>
		<dict>
			<key>isa</key>
			<string>PBXFileReference</string>
			<key>lastKnownFileType</key>
			<string>sourcecode.c.objc</string>
			<key>path</key>
			<string>main.m</string>
			<key>sourceTree</key>
			<string>&lt;group&gt;</string>
		</dict>
		<key>017A6B271886CD570062D1E3</key>
		<dict>
			<key>fileRef</key>
			<string>017A6B261886CD570062D1E3</string>
			<key>isa</key>
			<string>PBXBuildFile</string>
		</dict>
		<key>017A6B281886CD570062D1E3</key>
		<dict>
			<key>isa</key>
			<string>PBXFileReference</string>
			<key>lastKnownFileType</key>
			<string>sourcecode.c.h</string>
			<key>path</key>
			<string>Quiz_ch1_w_unittests-Prefix.pch</string>
			<key>sourceTree</key>
			<string>&lt;group&gt;</string>
		</dict>
		<key>017A6B291886CD570062D1E3</key>
		<dict>
			<key>isa</key>
			<string>PBXFileReference</string>
			<key>lastKnownFileType</key>
			<string>sourcecode.c.h</string>
			<key>path</key>
			<string>QuizAppDelegate.h</string>
			<key>sourceTree</key>
			<string>&lt;group&gt;</string>
		</dict>
		<key>017A6B2A1886CD570062D1E3</key>
		<dict>
			<key>isa</key>
			<string>PBXFileReference</string>
			<key>lastKnownFileType</key>
			<string>sourcecode.c.objc</string>
			<key>path</key>
			<string>QuizAppDelegate.m</string>
			<key>sourceTree</key>
			<string>&lt;group&gt;</string>
		</dict>
		<key>017A6B2B1886CD570062D1E3</key>
		<dict>
			<key>fileRef</key>
			<string>017A6B2A1886CD570062D1E3</string>
			<key>isa</key>
			<string>PBXBuildFile</string>
		</dict>
		<key>017A6B2C1886CD570062D1E3</key>
		<dict>
			<key>isa</key>
			<string>PBXFileReference</string>
			<key>lastKnownFileType</key>
			<string>image.png</string>
			<key>path</key>
			<string>Default.png</string>
			<key>sourceTree</key>
			<string>&lt;group&gt;</string>
		</dict>
		<key>017A6B2D1886CD570062D1E3</key>
		<dict>
			<key>fileRef</key>
			<string>017A6B2C1886CD570062D1E3</string>
			<key>isa</key>
			<string>PBXBuildFile</string>
		</dict>
		<key>017A6B2E1886CD570062D1E3</key>
		<dict>
			<key>isa</key>
			<string>PBXFileReference</string>
			<key>lastKnownFileType</key>
			<string>image.png</string>
			<key>path</key>
			<string>Default@2x.png</string>
			<key>sourceTree</key>
			<string>&lt;group&gt;</string>
		</dict>
		<key>017A6B2F1886CD570062D1E3</key>
		<dict>
			<key>fileRef</key>
			<string>017A6B2E1886CD570062D1E3</string>
			<key>isa</key>
			<string>PBXBuildFile</string>
		</dict>
		<key>017A6B301886CD570062D1E3</key>
		<dict>
			<key>isa</key>
			<string>PBXFileReference</string>
			<key>lastKnownFileType</key>
			<string>image.png</string>
			<key>path</key>
			<string>Default-568h@2x.png</string>
			<key>sourceTree</key>
			<string>&lt;group&gt;</string>
		</dict>
		<key>017A6B311886CD570062D1E3</key>
		<dict>
			<key>fileRef</key>
			<string>017A6B301886CD570062D1E3</string>
			<key>isa</key>
			<string>PBXBuildFile</string>
		</dict>
		<key>017A6B321886CD570062D1E3</key>
		<dict>
			<key>isa</key>
			<string>PBXFileReference</string>
			<key>lastKnownFileType</key>
			<string>sourcecode.c.h</string>
			<key>path</key>
			<string>QuizViewController.h</string>
			<key>sourceTree</key>
			<string>&lt;group&gt;</string>
		</dict>
		<key>017A6B331886CD570062D1E3</key>
		<dict>
			<key>isa</key>
			<string>PBXFileReference</string>
			<key>lastKnownFileType</key>
			<string>sourcecode.c.objc</string>
			<key>path</key>
			<string>QuizViewController.m</string>
			<key>sourceTree</key>
			<string>&lt;group&gt;</string>
		</dict>
		<key>017A6B341886CD570062D1E3</key>
		<dict>
			<key>fileRef</key>
			<string>017A6B331886CD570062D1E3</string>
			<key>isa</key>
			<string>PBXBuildFile</string>
		</dict>
		<key>017A6B351886CD570062D1E3</key>
		<dict>
			<key>children</key>
			<array>
				<string>017A6B361886CD570062D1E3</string>
			</array>
			<key>isa</key>
			<string>PBXVariantGroup</string>
			<key>name</key>
			<string>QuizViewController.xib</string>
			<key>sourceTree</key>
			<string>&lt;group&gt;</string>
		</dict>
		<key>017A6B361886CD570062D1E3</key>
		<dict>
			<key>isa</key>
			<string>PBXFileReference</string>
			<key>lastKnownFileType</key>
			<string>file.xib</string>
			<key>name</key>
			<string>en</string>
			<key>path</key>
			<string>en.lproj/QuizViewController.xib</string>
			<key>sourceTree</key>
			<string>&lt;group&gt;</string>
		</dict>
		<key>017A6B371886CD570062D1E3</key>
		<dict>
			<key>fileRef</key>
			<string>017A6B351886CD570062D1E3</string>
			<key>isa</key>
			<string>PBXBuildFile</string>
		</dict>
		<key>017A6B381886CD580062D1E3</key>
		<dict>
			<key>buildActionMask</key>
			<string>2147483647</string>
			<key>files</key>
			<array>
				<string>017A6B4C1886CD580062D1E3</string>
			</array>
			<key>isa</key>
			<string>PBXSourcesBuildPhase</string>
			<key>runOnlyForDeploymentPostprocessing</key>
			<string>0</string>
		</dict>
		<key>017A6B391886CD580062D1E3</key>
		<dict>
			<key>buildActionMask</key>
			<string>2147483647</string>
			<key>files</key>
			<array>
				<string>017A6B3F1886CD580062D1E3</string>
				<string>017A6B401886CD580062D1E3</string>
				<string>017A6B411886CD580062D1E3</string>
			</array>
			<key>isa</key>
			<string>PBXFrameworksBuildPhase</string>
			<key>runOnlyForDeploymentPostprocessing</key>
			<string>0</string>
		</dict>
		<key>017A6B3A1886CD580062D1E3</key>
		<dict>
			<key>buildActionMask</key>
			<string>2147483647</string>
			<key>files</key>
			<array>
				<string>017A6B491886CD580062D1E3</string>
			</array>
			<key>isa</key>
			<string>PBXResourcesBuildPhase</string>
			<key>runOnlyForDeploymentPostprocessing</key>
			<string>0</string>
		</dict>
		<key>017A6B3B1886CD580062D1E3</key>
		<dict>
			<key>buildActionMask</key>
			<string>2147483647</string>
			<key>files</key>
			<array/>
			<key>inputPaths</key>
			<array/>
			<key>isa</key>
			<string>PBXShellScriptBuildPhase</string>
			<key>outputPaths</key>
			<array/>
			<key>runOnlyForDeploymentPostprocessing</key>
			<string>0</string>
			<key>shellPath</key>
			<string>/bin/sh</string>
			<key>shellScript</key>
			<string># Run the unit tests in this test bundle.
"${SYSTEM_DEVELOPER_DIR}/Tools/RunUnitTests"
</string>
		</dict>
		<key>017A6B3C1886CD580062D1E3</key>
		<dict>
			<key>buildConfigurationList</key>
			<string>017A6B521886CD580062D1E3</string>
			<key>buildPhases</key>
			<array>
				<string>017A6B381886CD580062D1E3</string>
				<string>017A6B391886CD580062D1E3</string>
				<string>017A6B3A1886CD580062D1E3</string>
				<string>017A6B3B1886CD580062D1E3</string>
			</array>
			<key>buildRules</key>
			<array/>
			<key>dependencies</key>
			<array>
				<string>017A6B431886CD580062D1E3</string>
			</array>
			<key>isa</key>
			<string>PBXNativeTarget</string>
			<key>name</key>
			<string>Quiz_ch1_w_unittestsTests</string>
			<key>productName</key>
			<string>Quiz_ch1_w_unittestsTests</string>
			<key>productReference</key>
			<string>017A6B3D1886CD580062D1E3</string>
			<key>productType</key>
			<string>com.apple.product-type.bundle</string>
		</dict>
		<key>017A6B3D1886CD580062D1E3</key>
		<dict>
			<key>explicitFileType</key>
			<string>wrapper.cfbundle</string>
			<key>includeInIndex</key>
			<string>0</string>
			<key>isa</key>
			<string>PBXFileReference</string>
			<key>path</key>
			<string>Quiz_ch1_w_unittestsTests.octest</string>
			<key>sourceTree</key>
			<string>BUILT_PRODUCTS_DIR</string>
		</dict>
		<key>017A6B3E1886CD580062D1E3</key>
		<dict>
			<key>isa</key>
			<string>PBXFileReference</string>
			<key>lastKnownFileType</key>
			<string>wrapper.framework</string>
			<key>name</key>
			<string>SenTestingKit.framework</string>
			<key>path</key>
			<string>Library/Frameworks/SenTestingKit.framework</string>
			<key>sourceTree</key>
			<string>DEVELOPER_DIR</string>
		</dict>
		<key>017A6B3F1886CD580062D1E3</key>
		<dict>
			<key>fileRef</key>
			<string>017A6B3E1886CD580062D1E3</string>
			<key>isa</key>
			<string>PBXBuildFile</string>
		</dict>
		<key>017A6B401886CD580062D1E3</key>
		<dict>
			<key>fileRef</key>
			<string>017A6B1A1886CD570062D1E3</string>
			<key>isa</key>
			<string>PBXBuildFile</string>
		</dict>
		<key>017A6B411886CD580062D1E3</key>
		<dict>
			<key>fileRef</key>
			<string>017A6B1C1886CD570062D1E3</string>
			<key>isa</key>
			<string>PBXBuildFile</string>
		</dict>
		<key>017A6B421886CD580062D1E3</key>
		<dict>
			<key>containerPortal</key>
			<string>017A6B0D1886CD570062D1E3</string>
			<key>isa</key>
			<string>PBXContainerItemProxy</string>
			<key>proxyType</key>
			<string>1</string>
			<key>remoteGlobalIDString</key>
			<string>017A6B151886CD570062D1E3</string>
			<key>remoteInfo</key>
			<string>Quiz_ch1_w_unittests</string>
		</dict>
		<key>017A6B431886CD580062D1E3</key>
		<dict>
			<key>isa</key>
			<string>PBXTargetDependency</string>
			<key>target</key>
			<string>017A6B151886CD570062D1E3</string>
			<key>targetProxy</key>
			<string>017A6B421886CD580062D1E3</string>
		</dict>
		<key>017A6B441886CD580062D1E3</key>
		<dict>
			<key>children</key>
			<array>
				<string>017A6B4A1886CD580062D1E3</string>
				<string>017A6B4B1886CD580062D1E3</string>
				<string>017A6B451886CD580062D1E3</string>
			</array>
			<key>isa</key>
			<string>PBXGroup</string>
			<key>path</key>
			<string>Quiz_ch1_w_unittestsTests</string>
			<key>sourceTree</key>
			<string>&lt;group&gt;</string>
		</dict>
		<key>017A6B451886CD580062D1E3</key>
		<dict>
			<key>children</key>
			<array>
				<string>017A6B461886CD580062D1E3</string>
				<string>017A6B471886CD580062D1E3</string>
			</array>
			<key>isa</key>
			<string>PBXGroup</string>
			<key>name</key>
			<string>Supporting Files</string>
			<key>sourceTree</key>
			<string>&lt;group&gt;</string>
		</dict>
		<key>017A6B461886CD580062D1E3</key>
		<dict>
			<key>isa</key>
			<string>PBXFileReference</string>
			<key>lastKnownFileType</key>
			<string>text.plist.xml</string>
			<key>path</key>
			<string>Quiz_ch1_w_unittestsTests-Info.plist</string>
			<key>sourceTree</key>
			<string>&lt;group&gt;</string>
		</dict>
		<key>017A6B471886CD580062D1E3</key>
		<dict>
			<key>children</key>
			<array>
				<string>017A6B481886CD580062D1E3</string>
			</array>
			<key>isa</key>
			<string>PBXVariantGroup</string>
			<key>name</key>
			<string>InfoPlist.strings</string>
			<key>sourceTree</key>
			<string>&lt;group&gt;</string>
		</dict>
		<key>017A6B481886CD580062D1E3</key>
		<dict>
			<key>isa</key>
			<string>PBXFileReference</string>
			<key>lastKnownFileType</key>
			<string>text.plist.strings</string>
			<key>name</key>
			<string>en</string>
			<key>path</key>
			<string>en.lproj/InfoPlist.strings</string>
			<key>sourceTree</key>
			<string>&lt;group&gt;</string>
		</dict>
		<key>017A6B491886CD580062D1E3</key>
		<dict>
			<key>fileRef</key>
			<string>017A6B471886CD580062D1E3</string>
			<key>isa</key>
			<string>PBXBuildFile</string>
		</dict>
		<key>017A6B4A1886CD580062D1E3</key>
		<dict>
			<key>isa</key>
			<string>PBXFileReference</string>
			<key>lastKnownFileType</key>
			<string>sourcecode.c.h</string>
			<key>path</key>
			<string>Quiz_ch1_w_unittestsTests.h</string>
			<key>sourceTree</key>
			<string>&lt;group&gt;</string>
		</dict>
		<key>017A6B4B1886CD580062D1E3</key>
		<dict>
			<key>isa</key>
			<string>PBXFileReference</string>
			<key>lastKnownFileType</key>
			<string>sourcecode.c.objc</string>
			<key>path</key>
			<string>Quiz_ch1_w_unittestsTests.m</string>
			<key>sourceTree</key>
			<string>&lt;group&gt;</string>
		</dict>
		<key>017A6B4C1886CD580062D1E3</key>
		<dict>
			<key>fileRef</key>
			<string>017A6B4B1886CD580062D1E3</string>
			<key>isa</key>
			<string>PBXBuildFile</string>
		</dict>
		<key>017A6B4D1886CD580062D1E3</key>
		<dict>
			<key>buildSettings</key>
			<dict>
				<key>ALWAYS_SEARCH_USER_PATHS</key>
				<string>NO</string>
				<key>CLANG_CXX_LANGUAGE_STANDARD</key>
				<string>gnu++0x</string>
				<key>CLANG_CXX_LIBRARY</key>
				<string>libc++</string>
				<key>CLANG_ENABLE_OBJC_ARC</key>
				<string>YES</string>
				<key>CLANG_WARN_EMPTY_BODY</key>
				<string>YES</string>
				<key>CLANG_WARN__DUPLICATE_METHOD_MATCH</key>
				<string>YES</string>
				<key>CODE_SIGN_IDENTITY[sdk=iphoneos*]</key>
				<string>iPhone Developer</string>
				<key>COPY_PHASE_STRIP</key>
				<string>NO</string>
				<key>GCC_C_LANGUAGE_STANDARD</key>
				<string>gnu99</string>
				<key>GCC_DYNAMIC_NO_PIC</key>
				<string>NO</string>
				<key>GCC_OPTIMIZATION_LEVEL</key>
				<string>0</string>
				<key>GCC_PREPROCESSOR_DEFINITIONS</key>
				<array>
					<string>DEBUG=1</string>
					<string>$(inherited)</string>
				</array>
				<key>GCC_SYMBOLS_PRIVATE_EXTERN</key>
				<string>NO</string>
				<key>GCC_WARN_ABOUT_RETURN_TYPE</key>
				<string>YES</string>
				<key>GCC_WARN_UNINITIALIZED_AUTOS</key>
				<string>YES</string>
				<key>GCC_WARN_UNUSED_VARIABLE</key>
				<string>YES</string>
				<key>IPHONEOS_DEPLOYMENT_TARGET</key>
				<string>6.0</string>
				<key>ONLY_ACTIVE_ARCH</key>
				<string>YES</string>
				<key>SDKROOT</key>
				<string>iphoneos</string>
			</dict>
			<key>isa</key>
			<string>XCBuildConfiguration</string>
			<key>name</key>
			<string>Debug</string>
		</dict>
		<key>017A6B4E1886CD580062D1E3</key>
		<dict>
			<key>buildSettings</key>
			<dict>
				<key>ALWAYS_SEARCH_USER_PATHS</key>
				<string>NO</string>
				<key>CLANG_CXX_LANGUAGE_STANDARD</key>
				<string>gnu++0x</string>
				<key>CLANG_CXX_LIBRARY</key>
				<string>libc++</string>
				<key>CLANG_ENABLE_OBJC_ARC</key>
				<string>YES</string>
				<key>CLANG_WARN_EMPTY_BODY</key>
				<string>YES</string>
				<key>CLANG_WARN__DUPLICATE_METHOD_MATCH</key>
				<string>YES</string>
				<key>CODE_SIGN_IDENTITY[sdk=iphoneos*]</key>
				<string>iPhone Developer</string>
				<key>COPY_PHASE_STRIP</key>
				<string>YES</string>
				<key>GCC_C_LANGUAGE_STANDARD</key>
				<string>gnu99</string>
				<key>GCC_WARN_ABOUT_RETURN_TYPE</key>
				<string>YES</string>
				<key>GCC_WARN_UNINITIALIZED_AUTOS</key>
				<string>YES</string>
				<key>GCC_WARN_UNUSED_VARIABLE</key>
				<string>YES</string>
				<key>IPHONEOS_DEPLOYMENT_TARGET</key>
				<string>6.0</string>
				<key>OTHER_CFLAGS</key>
				<string>-DNS_BLOCK_ASSERTIONS=1</string>
				<key>SDKROOT</key>
				<string>iphoneos</string>
				<key>VALIDATE_PRODUCT</key>
				<string>YES</string>
			</dict>
			<key>isa</key>
			<string>XCBuildConfiguration</string>
			<key>name</key>
			<string>Release</string>
		</dict>
		<key>017A6B4F1886CD580062D1E3</key>
		<dict>
			<key>buildConfigurations</key>
			<array>
				<string>017A6B501886CD580062D1E3</string>
				<string>017A6B511886CD580062D1E3</string>
			</array>
			<key>defaultConfigurationIsVisible</key>
			<string>0</string>
			<key>isa</key>
			<string>XCConfigurationList</string>
		</dict>
		<key>017A6B501886CD580062D1E3</key>
		<dict>
			<key>buildSettings</key>
			<dict>
				<key>GCC_PRECOMPILE_PREFIX_HEADER</key>
				<string>YES</string>
				<key>GCC_PREFIX_HEADER</key>
				<string>Quiz_ch1_w_unittests/Quiz_ch1_w_unittests-Prefix.pch</string>
				<key>INFOPLIST_FILE</key>
				<string>Quiz_ch1_w_unittests/Quiz_ch1_w_unittests-Info.plist</string>
				<key>LIBRARY_SEARCH_PATHS</key>
				<array>
					<string>$(inherited)</string>
					<string>$(FRANK_LIBRARY_SEARCH_PATHS)</string>
				</array>
				<key>OTHER_LDFLAGS</key>
				<array>
					<string>$(inherited)</string>
					<string>$(FRANK_LDFLAGS)</string>
				</array>
				<key>PRODUCT_NAME</key>
				<string>$(TARGET_NAME)</string>
				<key>WRAPPER_EXTENSION</key>
				<string>app</string>
			</dict>
			<key>isa</key>
			<string>XCBuildConfiguration</string>
			<key>name</key>
			<string>Debug</string>
		</dict>
		<key>017A6B511886CD580062D1E3</key>
		<dict>
			<key>buildSettings</key>
			<dict>
				<key>GCC_PRECOMPILE_PREFIX_HEADER</key>
				<string>YES</string>
				<key>GCC_PREFIX_HEADER</key>
				<string>Quiz_ch1_w_unittests/Quiz_ch1_w_unittests-Prefix.pch</string>
				<key>INFOPLIST_FILE</key>
				<string>Quiz_ch1_w_unittests/Quiz_ch1_w_unittests-Info.plist</string>
				<key>PRODUCT_NAME</key>
				<string>$(TARGET_NAME)</string>
				<key>WRAPPER_EXTENSION</key>
				<string>app</string>
			</dict>
			<key>isa</key>
			<string>XCBuildConfiguration</string>
			<key>name</key>
			<string>Release</string>
		</dict>
		<key>017A6B521886CD580062D1E3</key>
		<dict>
			<key>buildConfigurations</key>
			<array>
				<string>017A6B531886CD580062D1E3</string>
				<string>017A6B541886CD580062D1E3</string>
			</array>
			<key>defaultConfigurationIsVisible</key>
			<string>0</string>
			<key>isa</key>
			<string>XCConfigurationList</string>
		</dict>
		<key>017A6B531886CD580062D1E3</key>
		<dict>
			<key>buildSettings</key>
			<dict>
				<key>BUNDLE_LOADER</key>
				<string>$(BUILT_PRODUCTS_DIR)/Quiz_ch1_w_unittests.app/Quiz_ch1_w_unittests</string>
				<key>FRAMEWORK_SEARCH_PATHS</key>
				<array>
					<string>"$(SDKROOT)/Developer/Library/Frameworks"</string>
					<string>"$(DEVELOPER_LIBRARY_DIR)/Frameworks"</string>
				</array>
				<key>GCC_PRECOMPILE_PREFIX_HEADER</key>
				<string>YES</string>
				<key>GCC_PREFIX_HEADER</key>
				<string>Quiz_ch1_w_unittests/Quiz_ch1_w_unittests-Prefix.pch</string>
				<key>INFOPLIST_FILE</key>
				<string>Quiz_ch1_w_unittestsTests/Quiz_ch1_w_unittestsTests-Info.plist</string>
				<key>PRODUCT_NAME</key>
				<string>$(TARGET_NAME)</string>
				<key>TEST_HOST</key>
				<string>$(BUNDLE_LOADER)</string>
				<key>WRAPPER_EXTENSION</key>
				<string>octest</string>
			</dict>
			<key>isa</key>
			<string>XCBuildConfiguration</string>
			<key>name</key>
			<string>Debug</string>
		</dict>
		<key>017A6B541886CD580062D1E3</key>
		<dict>
			<key>buildSettings</key>
			<dict>
				<key>BUNDLE_LOADER</key>
				<string>$(BUILT_PRODUCTS_DIR)/Quiz_ch1_w_unittests.app/Quiz_ch1_w_unittests</string>
				<key>FRAMEWORK_SEARCH_PATHS</key>
				<array>
					<string>"$(SDKROOT)/Developer/Library/Frameworks"</string>
					<string>"$(DEVELOPER_LIBRARY_DIR)/Frameworks"</string>
				</array>
				<key>GCC_PRECOMPILE_PREFIX_HEADER</key>
				<string>YES</string>
				<key>GCC_PREFIX_HEADER</key>
				<string>Quiz_ch1_w_unittests/Quiz_ch1_w_unittests-Prefix.pch</string>
				<key>INFOPLIST_FILE</key>
				<string>Quiz_ch1_w_unittestsTests/Quiz_ch1_w_unittestsTests-Info.plist</string>
				<key>PRODUCT_NAME</key>
				<string>$(TARGET_NAME)</string>
				<key>TEST_HOST</key>
				<string>$(BUNDLE_LOADER)</string>
				<key>WRAPPER_EXTENSION</key>
				<string>octest</string>
			</dict>
			<key>isa</key>
			<string>XCBuildConfiguration</string>
			<key>name</key>
			<string>Release</string>
		</dict>
	</dict>
	<key>rootObject</key>
	<string>017A6B0D1886CD570062D1E3</string>
</dict>
</plist>
